
Microsoft Visual Studio Solution File, Format Version 12.00
# Visual Studio 15
VisualStudioVersion = 15.0.27130.2024
MinimumVisualStudioVersion = 10.0.40219.1
Project("{FAE04EC0-301F-11D3-BF4B-00C04F79EFBC}") = "ForDev", "ForDev\ForDev.csproj", "{3BF5913B-F3A5-429E-AE4E-395CA8DFFD67}"
EndProject
Project("{FAE04EC0-301F-11D3-BF4B-00C04F79EFBC}") = "DAOClass", "ClassDAO\DAOClass.csproj", "{CD343E69-D7F0-4C01-9664-265F7D3FFA86}"
EndProject
Project("{FAE04EC0-301F-11D3-BF4B-00C04F79EFBC}") = "ControllerClass", "ControllerClass\ControllerClass.csproj", "{E977D287-E7C0-46BD-B761-8DEE0A523BD0}"
EndProject
Project("{FAE04EC0-301F-11D3-BF4B-00C04F79EFBC}") = "UnitTestProject", "UnitTestProject\UnitTestProject.csproj", "{1F042D44-3891-44E1-9BA9-5DFF628EFD5D}"
EndProject
Project("{FAE04EC0-301F-11D3-BF4B-00C04F79EFBC}") = "BusinessClassPortable", "BusinessClassPortable\BusinessClassPortable.csproj", "{BCAEE43F-0FD0-415F-8012-C75CF1E40A7A}"
EndProject
Project("{FAE04EC0-301F-11D3-BF4B-00C04F79EFBC}") = "EncodingDll", "EncodingDll\EncodingDll.csproj", "{DA7009AD-6B68-4DA9-B3E2-40877F526D7F}"
EndProject
Project("{7CF6DF6D-3B04-46F8-A40B-537D21BCA0B4}") = "Documentation3", "Documentation3\Documentation3.shfbproj", "{59631403-F78E-4354-BAC0-FC68335D8FC3}"
EndProject
Global
	GlobalSection(SolutionConfigurationPlatforms) = preSolution
		Debug|Any CPU = Debug|Any CPU
		Debug|ARM = Debug|ARM
		Debug|x64 = Debug|x64
		Debug|x86 = Debug|x86
		Release|Any CPU = Release|Any CPU
		Release|ARM = Release|ARM
		Release|x64 = Release|x64
		Release|x86 = Release|x86
	EndGlobalSection
	GlobalSection(ProjectConfigurationPlatforms) = postSolution
		{3BF5913B-F3A5-429E-AE4E-395CA8DFFD67}.Debug|Any CPU.ActiveCfg = Debug|Any CPU
		{3BF5913B-F3A5-429E-AE4E-395CA8DFFD67}.Debug|Any CPU.Build.0 = Debug|Any CPU
		{3BF5913B-F3A5-429E-AE4E-395CA8DFFD67}.Debug|ARM.ActiveCfg = Debug|Any CPU
		{3BF5913B-F3A5-429E-AE4E-395CA8DFFD67}.Debug|ARM.Build.0 = Debug|Any CPU
		{3BF5913B-F3A5-429E-AE4E-395CA8DFFD67}.Debug|x64.ActiveCfg = Debug|Any CPU
		{3BF5913B-F3A5-429E-AE4E-395CA8DFFD67}.Debug|x64.Build.0 = Debug|Any CPU
		{3BF5913B-F3A5-429E-AE4E-395CA8DFFD67}.Debug|x86.ActiveCfg = Debug|Any CPU
		{3BF5913B-F3A5-429E-AE4E-395CA8DFFD67}.Debug|x86.Build.0 = Debug|Any CPU
		{3BF5913B-F3A5-429E-AE4E-395CA8DFFD67}.Release|Any CPU.ActiveCfg = Release|Any CPU
		{3BF5913B-F3A5-429E-AE4E-395CA8DFFD67}.Release|Any CPU.Build.0 = Release|Any CPU
		{3BF5913B-F3A5-429E-AE4E-395CA8DFFD67}.Release|ARM.ActiveCfg = Release|Any CPU
		{3BF5913B-F3A5-429E-AE4E-395CA8DFFD67}.Release|ARM.Build.0 = Release|Any CPU
		{3BF5913B-F3A5-429E-AE4E-395CA8DFFD67}.Release|x64.ActiveCfg = Release|Any CPU
		{3BF5913B-F3A5-429E-AE4E-395CA8DFFD67}.Release|x64.Build.0 = Release|Any CPU
		{3BF5913B-F3A5-429E-AE4E-395CA8DFFD67}.Release|x86.ActiveCfg = Release|Any CPU
		{3BF5913B-F3A5-429E-AE4E-395CA8DFFD67}.Release|x86.Build.0 = Release|Any CPU
		{CD343E69-D7F0-4C01-9664-265F7D3FFA86}.Debug|Any CPU.ActiveCfg = Debug|Any CPU
		{CD343E69-D7F0-4C01-9664-265F7D3FFA86}.Debug|Any CPU.Build.0 = Debug|Any CPU
		{CD343E69-D7F0-4C01-9664-265F7D3FFA86}.Debug|ARM.ActiveCfg = Debug|Any CPU
		{CD343E69-D7F0-4C01-9664-265F7D3FFA86}.Debug|ARM.Build.0 = Debug|Any CPU
		{CD343E69-D7F0-4C01-9664-265F7D3FFA86}.Debug|x64.ActiveCfg = Debug|Any CPU
		{CD343E69-D7F0-4C01-9664-265F7D3FFA86}.Debug|x64.Build.0 = Debug|Any CPU
		{CD343E69-D7F0-4C01-9664-265F7D3FFA86}.Debug|x86.ActiveCfg = Debug|Any CPU
		{CD343E69-D7F0-4C01-9664-265F7D3FFA86}.Debug|x86.Build.0 = Debug|Any CPU
		{CD343E69-D7F0-4C01-9664-265F7D3FFA86}.Release|Any CPU.ActiveCfg = Release|Any CPU
		{CD343E69-D7F0-4C01-9664-265F7D3FFA86}.Release|Any CPU.Build.0 = Release|Any CPU
		{CD343E69-D7F0-4C01-9664-265F7D3FFA86}.Release|ARM.ActiveCfg = Release|Any CPU
		{CD343E69-D7F0-4C01-9664-265F7D3FFA86}.Release|ARM.Build.0 = Release|Any CPU
		{CD343E69-D7F0-4C01-9664-265F7D3FFA86}.Release|x64.ActiveCfg = Release|Any CPU
		{CD343E69-D7F0-4C01-9664-265F7D3FFA86}.Release|x64.Build.0 = Release|Any CPU
		{CD343E69-D7F0-4C01-9664-265F7D3FFA86}.Release|x86.ActiveCfg = Release|Any CPU
		{CD343E69-D7F0-4C01-9664-265F7D3FFA86}.Release|x86.Build.0 = Release|Any CPU
		{E977D287-E7C0-46BD-B761-8DEE0A523BD0}.Debug|Any CPU.ActiveCfg = Debug|Any CPU
		{E977D287-E7C0-46BD-B761-8DEE0A523BD0}.Debug|Any CPU.Build.0 = Debug|Any CPU
		{E977D287-E7C0-46BD-B761-8DEE0A523BD0}.Debug|ARM.ActiveCfg = Debug|Any CPU
		{E977D287-E7C0-46BD-B761-8DEE0A523BD0}.Debug|ARM.Build.0 = Debug|Any CPU
		{E977D287-E7C0-46BD-B761-8DEE0A523BD0}.Debug|x64.ActiveCfg = Debug|Any CPU
		{E977D287-E7C0-46BD-B761-8DEE0A523BD0}.Debug|x64.Build.0 = Debug|Any CPU
		{E977D287-E7C0-46BD-B761-8DEE0A523BD0}.Debug|x86.ActiveCfg = Debug|Any CPU
		{E977D287-E7C0-46BD-B761-8DEE0A523BD0}.Debug|x86.Build.0 = Debug|Any CPU
		{E977D287-E7C0-46BD-B761-8DEE0A523BD0}.Release|Any CPU.ActiveCfg = Release|Any CPU
		{E977D287-E7C0-46BD-B761-8DEE0A523BD0}.Release|Any CPU.Build.0 = Release|Any CPU
		{E977D287-E7C0-46BD-B761-8DEE0A523BD0}.Release|ARM.ActiveCfg = Release|Any CPU
		{E977D287-E7C0-46BD-B761-8DEE0A523BD0}.Release|ARM.Build.0 = Release|Any CPU
		{E977D287-E7C0-46BD-B761-8DEE0A523BD0}.Release|x64.ActiveCfg = Release|Any CPU
		{E977D287-E7C0-46BD-B761-8DEE0A523BD0}.Release|x64.Build.0 = Release|Any CPU
		{E977D287-E7C0-46BD-B761-8DEE0A523BD0}.Release|x86.ActiveCfg = Release|Any CPU
		{E977D287-E7C0-46BD-B761-8DEE0A523BD0}.Release|x86.Build.0 = Release|Any CPU
		{1F042D44-3891-44E1-9BA9-5DFF628EFD5D}.Debug|Any CPU.ActiveCfg = Debug|Any CPU
		{1F042D44-3891-44E1-9BA9-5DFF628EFD5D}.Debug|Any CPU.Build.0 = Debug|Any CPU
		{1F042D44-3891-44E1-9BA9-5DFF628EFD5D}.Debug|ARM.ActiveCfg = Debug|Any CPU
		{1F042D44-3891-44E1-9BA9-5DFF628EFD5D}.Debug|ARM.Build.0 = Debug|Any CPU
		{1F042D44-3891-44E1-9BA9-5DFF628EFD5D}.Debug|x64.ActiveCfg = Debug|Any CPU
		{1F042D44-3891-44E1-9BA9-5DFF628EFD5D}.Debug|x64.Build.0 = Debug|Any CPU
		{1F042D44-3891-44E1-9BA9-5DFF628EFD5D}.Debug|x86.ActiveCfg = Debug|Any CPU
		{1F042D44-3891-44E1-9BA9-5DFF628EFD5D}.Debug|x86.Build.0 = Debug|Any CPU
		{1F042D44-3891-44E1-9BA9-5DFF628EFD5D}.Release|Any CPU.ActiveCfg = Release|Any CPU
		{1F042D44-3891-44E1-9BA9-5DFF628EFD5D}.Release|Any CPU.Build.0 = Release|Any CPU
		{1F042D44-3891-44E1-9BA9-5DFF628EFD5D}.Release|ARM.ActiveCfg = Release|Any CPU
		{1F042D44-3891-44E1-9BA9-5DFF628EFD5D}.Release|ARM.Build.0 = Release|Any CPU
		{1F042D44-3891-44E1-9BA9-5DFF628EFD5D}.Release|x64.ActiveCfg = Release|Any CPU
		{1F042D44-3891-44E1-9BA9-5DFF628EFD5D}.Release|x64.Build.0 = Release|Any CPU
		{1F042D44-3891-44E1-9BA9-5DFF628EFD5D}.Release|x86.ActiveCfg = Release|Any CPU
		{1F042D44-3891-44E1-9BA9-5DFF628EFD5D}.Release|x86.Build.0 = Release|Any CPU
		{BCAEE43F-0FD0-415F-8012-C75CF1E40A7A}.Debug|Any CPU.ActiveCfg = Debug|Any CPU
		{BCAEE43F-0FD0-415F-8012-C75CF1E40A7A}.Debug|Any CPU.Build.0 = Debug|Any CPU
		{BCAEE43F-0FD0-415F-8012-C75CF1E40A7A}.Debug|ARM.ActiveCfg = Debug|Any CPU
		{BCAEE43F-0FD0-415F-8012-C75CF1E40A7A}.Debug|ARM.Build.0 = Debug|Any CPU
		{BCAEE43F-0FD0-415F-8012-C75CF1E40A7A}.Debug|x64.ActiveCfg = Debug|Any CPU
		{BCAEE43F-0FD0-415F-8012-C75CF1E40A7A}.Debug|x64.Build.0 = Debug|Any CPU
		{BCAEE43F-0FD0-415F-8012-C75CF1E40A7A}.Debug|x86.ActiveCfg = Debug|Any CPU
		{BCAEE43F-0FD0-415F-8012-C75CF1E40A7A}.Debug|x86.Build.0 = Debug|Any CPU
		{BCAEE43F-0FD0-415F-8012-C75CF1E40A7A}.Release|Any CPU.ActiveCfg = Release|Any CPU
		{BCAEE43F-0FD0-415F-8012-C75CF1E40A7A}.Release|Any CPU.Build.0 = Release|Any CPU
		{BCAEE43F-0FD0-415F-8012-C75CF1E40A7A}.Release|ARM.ActiveCfg = Release|Any CPU
		{BCAEE43F-0FD0-415F-8012-C75CF1E40A7A}.Release|ARM.Build.0 = Release|Any CPU
		{BCAEE43F-0FD0-415F-8012-C75CF1E40A7A}.Release|x64.ActiveCfg = Release|Any CPU
		{BCAEE43F-0FD0-415F-8012-C75CF1E40A7A}.Release|x64.Build.0 = Release|Any CPU
		{BCAEE43F-0FD0-415F-8012-C75CF1E40A7A}.Release|x86.ActiveCfg = Release|Any CPU
		{BCAEE43F-0FD0-415F-8012-C75CF1E40A7A}.Release|x86.Build.0 = Release|Any CPU
		{DA7009AD-6B68-4DA9-B3E2-40877F526D7F}.Debug|Any CPU.ActiveCfg = Debug|Any CPU
		{DA7009AD-6B68-4DA9-B3E2-40877F526D7F}.Debug|Any CPU.Build.0 = Debug|Any CPU
		{DA7009AD-6B68-4DA9-B3E2-40877F526D7F}.Debug|ARM.ActiveCfg = Debug|Any CPU
		{DA7009AD-6B68-4DA9-B3E2-40877F526D7F}.Debug|ARM.Build.0 = Debug|Any CPU
		{DA7009AD-6B68-4DA9-B3E2-40877F526D7F}.Debug|x64.ActiveCfg = Debug|Any CPU
		{DA7009AD-6B68-4DA9-B3E2-40877F526D7F}.Debug|x64.Build.0 = Debug|Any CPU
		{DA7009AD-6B68-4DA9-B3E2-40877F526D7F}.Debug|x86.ActiveCfg = Debug|Any CPU
		{DA7009AD-6B68-4DA9-B3E2-40877F526D7F}.Debug|x86.Build.0 = Debug|Any CPU
		{DA7009AD-6B68-4DA9-B3E2-40877F526D7F}.Release|Any CPU.ActiveCfg = Release|Any CPU
		{DA7009AD-6B68-4DA9-B3E2-40877F526D7F}.Release|Any CPU.Build.0 = Release|Any CPU
		{DA7009AD-6B68-4DA9-B3E2-40877F526D7F}.Release|ARM.ActiveCfg = Release|Any CPU
		{DA7009AD-6B68-4DA9-B3E2-40877F526D7F}.Release|ARM.Build.0 = Release|Any CPU
		{DA7009AD-6B68-4DA9-B3E2-40877F526D7F}.Release|x64.ActiveCfg = Release|Any CPU
		{DA7009AD-6B68-4DA9-B3E2-40877F526D7F}.Release|x64.Build.0 = Release|Any CPU
		{DA7009AD-6B68-4DA9-B3E2-40877F526D7F}.Release|x86.ActiveCfg = Release|Any CPU
		{DA7009AD-6B68-4DA9-B3E2-40877F526D7F}.Release|x86.Build.0 = Release|Any CPU
		{59631403-F78E-4354-BAC0-FC68335D8FC3}.Debug|Any CPU.ActiveCfg = Debug|Any CPU
		{59631403-F78E-4354-BAC0-FC68335D8FC3}.Debug|Any CPU.Build.0 = Debug|Any CPU
		{59631403-F78E-4354-BAC0-FC68335D8FC3}.Debug|ARM.ActiveCfg = Debug|Any CPU
		{59631403-F78E-4354-BAC0-FC68335D8FC3}.Debug|ARM.Build.0 = Debug|Any CPU
		{59631403-F78E-4354-BAC0-FC68335D8FC3}.Debug|x64.ActiveCfg = Debug|Any CPU
		{59631403-F78E-4354-BAC0-FC68335D8FC3}.Debug|x64.Build.0 = Debug|Any CPU
		{59631403-F78E-4354-BAC0-FC68335D8FC3}.Debug|x86.ActiveCfg = Debug|Any CPU
		{59631403-F78E-4354-BAC0-FC68335D8FC3}.Debug|x86.Build.0 = Debug|Any CPU
		{59631403-F78E-4354-BAC0-FC68335D8FC3}.Release|Any CPU.ActiveCfg = Release|Any CPU
		{59631403-F78E-4354-BAC0-FC68335D8FC3}.Release|Any CPU.Build.0 = Release|Any CPU
		{59631403-F78E-4354-BAC0-FC68335D8FC3}.Release|ARM.ActiveCfg = Release|Any CPU
		{59631403-F78E-4354-BAC0-FC68335D8FC3}.Release|ARM.Build.0 = Release|Any CPU
		{59631403-F78E-4354-BAC0-FC68335D8FC3}.Release|x64.ActiveCfg = Release|Any CPU
		{59631403-F78E-4354-BAC0-FC68335D8FC3}.Release|x64.Build.0 = Release|Any CPU
		{59631403-F78E-4354-BAC0-FC68335D8FC3}.Release|x86.ActiveCfg = Release|Any CPU
		{59631403-F78E-4354-BAC0-FC68335D8FC3}.Release|x86.Build.0 = Release|Any CPU
	EndGlobalSection
	GlobalSection(SolutionProperties) = preSolution
		HideSolutionNode = FALSE
	EndGlobalSection
	GlobalSection(ExtensibilityGlobals) = postSolution
		SolutionGuid = {CFEE80E9-EF49-450F-88B4-4FF029B43CF1}
	EndGlobalSection
EndGlobal
